
Microsoft Visual Studio Solution File, Format Version 12.00
# Visual Studio Version 16
VisualStudioVersion = 16.0.31112.23
MinimumVisualStudioVersion = 10.0.40219.1
Project("{9A19103F-16F7-4668-BE54-9A1E7A4F7556}") = "Website", "Website\Website.csproj", "{5E24A142-850E-46FF-8567-7B6AD5E9843C}"
EndProject
Global
	GlobalSection(SolutionConfigurationPlatforms) = preSolution
		Debug|Any CPU = Debug|Any CPU
		Release|Any CPU = Release|Any CPU
	EndGlobalSection
	GlobalSection(ProjectConfigurationPlatforms) = postSolution
		{5E24A142-850E-46FF-8567-7B6AD5E9843C}.Debug|Any CPU.ActiveCfg = Debug|Any CPU
		{5E24A142-850E-46FF-8567-7B6AD5E9843C}.Debug|Any CPU.Build.0 = Debug|Any CPU
		{5E24A142-850E-46FF-8567-7B6AD5E9843C}.Release|Any CPU.ActiveCfg = Release|Any CPU
		{5E24A142-850E-46FF-8567-7B6AD5E9843C}.Release|Any CPU.Build.0 = Release|Any CPU
	EndGlobalSection
	GlobalSection(SolutionProperties) = preSolution
		HideSolutionNode = FALSE
	EndGlobalSection
	GlobalSection(ExtensibilityGlobals) = postSolution
		SolutionGuid = {34760144-8551-4B08-8B41-F006F05E1E57}
	EndGlobalSection
EndGlobal
