
Microsoft Visual Studio Solution File, Format Version 12.00
# Visual Studio Version 16
VisualStudioVersion = 16.0.31112.23
MinimumVisualStudioVersion = 10.0.40219.1
Project("{9A19103F-16F7-4668-BE54-9A1E7A4F7556}") = "SatelliteSite.StaticWebAssets.Jquery", "jquery\SatelliteSite.StaticWebAssets.Jquery.csproj", "{7B6D5A7F-7F89-4DEB-89F6-6E9518CA810B}"
EndProject
Project("{9A19103F-16F7-4668-BE54-9A1E7A4F7556}") = "SatelliteSite.StaticWebAssets.AceEditor", "ace\SatelliteSite.StaticWebAssets.AceEditor.csproj", "{F0635804-E5EE-40E2-A0FB-C6B8FBF44B14}"
EndProject
Project("{9A19103F-16F7-4668-BE54-9A1E7A4F7556}") = "SatelliteSite.StaticWebAssets.Bootstrap4", "bootstrap\SatelliteSite.StaticWebAssets.Bootstrap4.csproj", "{DDA12E1A-87CA-4B83-A3EF-958ED8956ADA}"
EndProject
Project("{9A19103F-16F7-4668-BE54-9A1E7A4F7556}") = "SatelliteSite.StaticWebAssets.BootstrapToggle", "bootstrap-toggle\SatelliteSite.StaticWebAssets.BootstrapToggle.csproj", "{5F7D0D76-67D2-457C-9DBA-79DFBA8137A3}"
EndProject
Project("{9A19103F-16F7-4668-BE54-9A1E7A4F7556}") = "SatelliteSite.StaticWebAssets.ClipboardJs", "clipboard-js\SatelliteSite.StaticWebAssets.ClipboardJs.csproj", "{12DD61E3-7421-4E83-A892-12B319AB9897}"
EndProject
Project("{9A19103F-16F7-4668-BE54-9A1E7A4F7556}") = "SatelliteSite.StaticWebAssets.D3", "d3\SatelliteSite.StaticWebAssets.D3.csproj", "{83F3B590-574D-4E76-88F4-06A02384732F}"
EndProject
Project("{9A19103F-16F7-4668-BE54-9A1E7A4F7556}") = "SatelliteSite.StaticWebAssets.DataTables", "datatables\SatelliteSite.StaticWebAssets.DataTables.csproj", "{F2BF3E7A-3B0C-4FFF-B87E-61E9C3E0FC2F}"
EndProject
Project("{9A19103F-16F7-4668-BE54-9A1E7A4F7556}") = "SatelliteSite.StaticWebAssets.EditorMd", "editor-md\SatelliteSite.StaticWebAssets.EditorMd.csproj", "{BC819F6A-0742-4519-8EE7-28CC41D0AC5B}"
EndProject
Project("{9A19103F-16F7-4668-BE54-9A1E7A4F7556}") = "SatelliteSite.StaticWebAssets.FileSaver", "file-saver\SatelliteSite.StaticWebAssets.FileSaver.csproj", "{1F66AED4-07E1-40D4-B930-3AEDFC5AAF22}"
EndProject
Project("{9A19103F-16F7-4668-BE54-9A1E7A4F7556}") = "SatelliteSite.StaticWebAssets.FontAwesome", "font-awesome\SatelliteSite.StaticWebAssets.FontAwesome.csproj", "{7E452E41-DAD4-4E44-8BDA-8F4433F49183}"
EndProject
Project("{9A19103F-16F7-4668-BE54-9A1E7A4F7556}") = "SatelliteSite.StaticWebAssets.JqueryValidation", "jquery-validation\SatelliteSite.StaticWebAssets.JqueryValidation.csproj", "{0EB07F37-4B30-44A2-A9F9-09E3B7A22711}"
EndProject
Project("{9A19103F-16F7-4668-BE54-9A1E7A4F7556}") = "SatelliteSite.StaticWebAssets.JqueryValidationUnobtrusive", "jquery-validation-unobtrusive\SatelliteSite.StaticWebAssets.JqueryValidationUnobtrusive.csproj", "{4CF91553-84E7-42FC-AA9D-6A226F713321}"
EndProject
Project("{9A19103F-16F7-4668-BE54-9A1E7A4F7556}") = "SatelliteSite.StaticWebAssets.KaTeX", "katex\SatelliteSite.StaticWebAssets.KaTeX.csproj", "{06F2A94B-8495-461E-8BEF-9784E7C2B256}"
EndProject
Project("{9A19103F-16F7-4668-BE54-9A1E7A4F7556}") = "SatelliteSite.StaticWebAssets.JsColor", "jscolor\SatelliteSite.StaticWebAssets.JsColor.csproj", "{F1B78ACD-2CAE-47BD-8260-EC7DF88E7685}"
EndProject
Project("{9A19103F-16F7-4668-BE54-9A1E7A4F7556}") = "SatelliteSite.StaticWebAssets.Nvd3", "nvd3\SatelliteSite.StaticWebAssets.Nvd3.csproj", "{9F7A575D-4387-4442-AEB3-2320FE5822E7}"
EndProject
Project("{9A19103F-16F7-4668-BE54-9A1E7A4F7556}") = "SatelliteSite.StaticWebAssets.QRCodeJs", "qrcodejs\SatelliteSite.StaticWebAssets.QRCodeJs.csproj", "{A50AB7BC-AE94-4E98-A1CA-A94A58C57A62}"
EndProject
Project("{9A19103F-16F7-4668-BE54-9A1E7A4F7556}") = "SatelliteSite.StaticWebAssets.NelmioApiDoc", "nelmioapidoc\SatelliteSite.StaticWebAssets.NelmioApiDoc.csproj", "{4497D930-08F9-4B95-9F59-9C2730B9B27E}"
EndProject
Project("{9A19103F-16F7-4668-BE54-9A1E7A4F7556}") = "SatelliteSite.StaticWebAssets.Select2", "select2\SatelliteSite.StaticWebAssets.Select2.csproj", "{E1D7F627-0B3C-4FE6-9252-D123B7634D25}"
EndProject
Global
	GlobalSection(SolutionConfigurationPlatforms) = preSolution
		Debug|Any CPU = Debug|Any CPU
		Release|Any CPU = Release|Any CPU
	EndGlobalSection
	GlobalSection(ProjectConfigurationPlatforms) = postSolution
		{7B6D5A7F-7F89-4DEB-89F6-6E9518CA810B}.Debug|Any CPU.ActiveCfg = Debug|Any CPU
		{7B6D5A7F-7F89-4DEB-89F6-6E9518CA810B}.Debug|Any CPU.Build.0 = Debug|Any CPU
		{7B6D5A7F-7F89-4DEB-89F6-6E9518CA810B}.Release|Any CPU.ActiveCfg = Release|Any CPU
		{7B6D5A7F-7F89-4DEB-89F6-6E9518CA810B}.Release|Any CPU.Build.0 = Release|Any CPU
		{F0635804-E5EE-40E2-A0FB-C6B8FBF44B14}.Debug|Any CPU.ActiveCfg = Debug|Any CPU
		{F0635804-E5EE-40E2-A0FB-C6B8FBF44B14}.Debug|Any CPU.Build.0 = Debug|Any CPU
		{F0635804-E5EE-40E2-A0FB-C6B8FBF44B14}.Release|Any CPU.ActiveCfg = Release|Any CPU
		{F0635804-E5EE-40E2-A0FB-C6B8FBF44B14}.Release|Any CPU.Build.0 = Release|Any CPU
		{DDA12E1A-87CA-4B83-A3EF-958ED8956ADA}.Debug|Any CPU.ActiveCfg = Debug|Any CPU
		{DDA12E1A-87CA-4B83-A3EF-958ED8956ADA}.Debug|Any CPU.Build.0 = Debug|Any CPU
		{DDA12E1A-87CA-4B83-A3EF-958ED8956ADA}.Release|Any CPU.ActiveCfg = Release|Any CPU
		{DDA12E1A-87CA-4B83-A3EF-958ED8956ADA}.Release|Any CPU.Build.0 = Release|Any CPU
		{5F7D0D76-67D2-457C-9DBA-79DFBA8137A3}.Debug|Any CPU.ActiveCfg = Debug|Any CPU
		{5F7D0D76-67D2-457C-9DBA-79DFBA8137A3}.Debug|Any CPU.Build.0 = Debug|Any CPU
		{5F7D0D76-67D2-457C-9DBA-79DFBA8137A3}.Release|Any CPU.ActiveCfg = Release|Any CPU
		{5F7D0D76-67D2-457C-9DBA-79DFBA8137A3}.Release|Any CPU.Build.0 = Release|Any CPU
		{12DD61E3-7421-4E83-A892-12B319AB9897}.Debug|Any CPU.ActiveCfg = Debug|Any CPU
		{12DD61E3-7421-4E83-A892-12B319AB9897}.Debug|Any CPU.Build.0 = Debug|Any CPU
		{12DD61E3-7421-4E83-A892-12B319AB9897}.Release|Any CPU.ActiveCfg = Release|Any CPU
		{12DD61E3-7421-4E83-A892-12B319AB9897}.Release|Any CPU.Build.0 = Release|Any CPU
		{83F3B590-574D-4E76-88F4-06A02384732F}.Debug|Any CPU.ActiveCfg = Debug|Any CPU
		{83F3B590-574D-4E76-88F4-06A02384732F}.Debug|Any CPU.Build.0 = Debug|Any CPU
		{83F3B590-574D-4E76-88F4-06A02384732F}.Release|Any CPU.ActiveCfg = Release|Any CPU
		{83F3B590-574D-4E76-88F4-06A02384732F}.Release|Any CPU.Build.0 = Release|Any CPU
		{F2BF3E7A-3B0C-4FFF-B87E-61E9C3E0FC2F}.Debug|Any CPU.ActiveCfg = Debug|Any CPU
		{F2BF3E7A-3B0C-4FFF-B87E-61E9C3E0FC2F}.Debug|Any CPU.Build.0 = Debug|Any CPU
		{F2BF3E7A-3B0C-4FFF-B87E-61E9C3E0FC2F}.Release|Any CPU.ActiveCfg = Release|Any CPU
		{F2BF3E7A-3B0C-4FFF-B87E-61E9C3E0FC2F}.Release|Any CPU.Build.0 = Release|Any CPU
		{BC819F6A-0742-4519-8EE7-28CC41D0AC5B}.Debug|Any CPU.ActiveCfg = Debug|Any CPU
		{BC819F6A-0742-4519-8EE7-28CC41D0AC5B}.Debug|Any CPU.Build.0 = Debug|Any CPU
		{BC819F6A-0742-4519-8EE7-28CC41D0AC5B}.Release|Any CPU.ActiveCfg = Release|Any CPU
		{BC819F6A-0742-4519-8EE7-28CC41D0AC5B}.Release|Any CPU.Build.0 = Release|Any CPU
		{1F66AED4-07E1-40D4-B930-3AEDFC5AAF22}.Debug|Any CPU.ActiveCfg = Debug|Any CPU
		{1F66AED4-07E1-40D4-B930-3AEDFC5AAF22}.Debug|Any CPU.Build.0 = Debug|Any CPU
		{1F66AED4-07E1-40D4-B930-3AEDFC5AAF22}.Release|Any CPU.ActiveCfg = Release|Any CPU
		{1F66AED4-07E1-40D4-B930-3AEDFC5AAF22}.Release|Any CPU.Build.0 = Release|Any CPU
		{7E452E41-DAD4-4E44-8BDA-8F4433F49183}.Debug|Any CPU.ActiveCfg = Debug|Any CPU
		{7E452E41-DAD4-4E44-8BDA-8F4433F49183}.Debug|Any CPU.Build.0 = Debug|Any CPU
		{7E452E41-DAD4-4E44-8BDA-8F4433F49183}.Release|Any CPU.ActiveCfg = Release|Any CPU
		{7E452E41-DAD4-4E44-8BDA-8F4433F49183}.Release|Any CPU.Build.0 = Release|Any CPU
		{0EB07F37-4B30-44A2-A9F9-09E3B7A22711}.Debug|Any CPU.ActiveCfg = Debug|Any CPU
		{0EB07F37-4B30-44A2-A9F9-09E3B7A22711}.Debug|Any CPU.Build.0 = Debug|Any CPU
		{0EB07F37-4B30-44A2-A9F9-09E3B7A22711}.Release|Any CPU.ActiveCfg = Release|Any CPU
		{0EB07F37-4B30-44A2-A9F9-09E3B7A22711}.Release|Any CPU.Build.0 = Release|Any CPU
		{4CF91553-84E7-42FC-AA9D-6A226F713321}.Debug|Any CPU.ActiveCfg = Debug|Any CPU
		{4CF91553-84E7-42FC-AA9D-6A226F713321}.Debug|Any CPU.Build.0 = Debug|Any CPU
		{4CF91553-84E7-42FC-AA9D-6A226F713321}.Release|Any CPU.ActiveCfg = Release|Any CPU
		{4CF91553-84E7-42FC-AA9D-6A226F713321}.Release|Any CPU.Build.0 = Release|Any CPU
		{06F2A94B-8495-461E-8BEF-9784E7C2B256}.Debug|Any CPU.ActiveCfg = Debug|Any CPU
		{06F2A94B-8495-461E-8BEF-9784E7C2B256}.Debug|Any CPU.Build.0 = Debug|Any CPU
		{06F2A94B-8495-461E-8BEF-9784E7C2B256}.Release|Any CPU.ActiveCfg = Release|Any CPU
		{06F2A94B-8495-461E-8BEF-9784E7C2B256}.Release|Any CPU.Build.0 = Release|Any CPU
		{F1B78ACD-2CAE-47BD-8260-EC7DF88E7685}.Debug|Any CPU.ActiveCfg = Debug|Any CPU
		{F1B78ACD-2CAE-47BD-8260-EC7DF88E7685}.Debug|Any CPU.Build.0 = Debug|Any CPU
		{F1B78ACD-2CAE-47BD-8260-EC7DF88E7685}.Release|Any CPU.ActiveCfg = Release|Any CPU
		{F1B78ACD-2CAE-47BD-8260-EC7DF88E7685}.Release|Any CPU.Build.0 = Release|Any CPU
		{9F7A575D-4387-4442-AEB3-2320FE5822E7}.Debug|Any CPU.ActiveCfg = Debug|Any CPU
		{9F7A575D-4387-4442-AEB3-2320FE5822E7}.Debug|Any CPU.Build.0 = Debug|Any CPU
		{9F7A575D-4387-4442-AEB3-2320FE5822E7}.Release|Any CPU.ActiveCfg = Release|Any CPU
		{9F7A575D-4387-4442-AEB3-2320FE5822E7}.Release|Any CPU.Build.0 = Release|Any CPU
		{A50AB7BC-AE94-4E98-A1CA-A94A58C57A62}.Debug|Any CPU.ActiveCfg = Debug|Any CPU
		{A50AB7BC-AE94-4E98-A1CA-A94A58C57A62}.Debug|Any CPU.Build.0 = Debug|Any CPU
		{A50AB7BC-AE94-4E98-A1CA-A94A58C57A62}.Release|Any CPU.ActiveCfg = Release|Any CPU
		{A50AB7BC-AE94-4E98-A1CA-A94A58C57A62}.Release|Any CPU.Build.0 = Release|Any CPU
		{4497D930-08F9-4B95-9F59-9C2730B9B27E}.Debug|Any CPU.ActiveCfg = Debug|Any CPU
		{4497D930-08F9-4B95-9F59-9C2730B9B27E}.Debug|Any CPU.Build.0 = Debug|Any CPU
		{4497D930-08F9-4B95-9F59-9C2730B9B27E}.Release|Any CPU.ActiveCfg = Release|Any CPU
		{4497D930-08F9-4B95-9F59-9C2730B9B27E}.Release|Any CPU.Build.0 = Release|Any CPU
		{E1D7F627-0B3C-4FE6-9252-D123B7634D25}.Debug|Any CPU.ActiveCfg = Debug|Any CPU
		{E1D7F627-0B3C-4FE6-9252-D123B7634D25}.Debug|Any CPU.Build.0 = Debug|Any CPU
		{E1D7F627-0B3C-4FE6-9252-D123B7634D25}.Release|Any CPU.ActiveCfg = Release|Any CPU
		{E1D7F627-0B3C-4FE6-9252-D123B7634D25}.Release|Any CPU.Build.0 = Release|Any CPU
	EndGlobalSection
	GlobalSection(SolutionProperties) = preSolution
		HideSolutionNode = FALSE
	EndGlobalSection
	GlobalSection(ExtensibilityGlobals) = postSolution
		SolutionGuid = {F81869DB-E9A8-436A-AB72-69E7F3D0B213}
	EndGlobalSection
EndGlobal
